
Microsoft Visual Studio Solution File, Format Version 12.00
# Visual Studio 14
VisualStudioVersion = 14.0.25123.0
MinimumVisualStudioVersion = 10.0.40219.1
Project("{FAE04EC0-301F-11D3-BF4B-00C04F79EFBC}") = "imBMW.Universal", "imBMW.Universal\imBMW.Universal.csproj", "{00D6F09B-6DA4-4533-8748-7D9F76D0D3E9}"
EndProject
Project("{FAE04EC0-301F-11D3-BF4B-00C04F79EFBC}") = "imBMW.Universal.App", "imBMW.Universal.App\imBMW.Universal.App.csproj", "{239B599A-ED29-4BF3-BCB1-1406BF234A02}"
EndProject
Global
	GlobalSection(SolutionConfigurationPlatforms) = preSolution
		Debug|Any CPU = Debug|Any CPU
		Debug|ARM = Debug|ARM
		Debug|x64 = Debug|x64
		Debug|x86 = Debug|x86
		Release|Any CPU = Release|Any CPU
		Release|ARM = Release|ARM
		Release|x64 = Release|x64
		Release|x86 = Release|x86
	EndGlobalSection
	GlobalSection(ProjectConfigurationPlatforms) = postSolution
		{00D6F09B-6DA4-4533-8748-7D9F76D0D3E9}.Debug|Any CPU.ActiveCfg = Debug|Any CPU
		{00D6F09B-6DA4-4533-8748-7D9F76D0D3E9}.Debug|Any CPU.Build.0 = Debug|Any CPU
		{00D6F09B-6DA4-4533-8748-7D9F76D0D3E9}.Debug|ARM.ActiveCfg = Debug|ARM
		{00D6F09B-6DA4-4533-8748-7D9F76D0D3E9}.Debug|ARM.Build.0 = Debug|ARM
		{00D6F09B-6DA4-4533-8748-7D9F76D0D3E9}.Debug|x64.ActiveCfg = Debug|x64
		{00D6F09B-6DA4-4533-8748-7D9F76D0D3E9}.Debug|x64.Build.0 = Debug|x64
		{00D6F09B-6DA4-4533-8748-7D9F76D0D3E9}.Debug|x86.ActiveCfg = Debug|x86
		{00D6F09B-6DA4-4533-8748-7D9F76D0D3E9}.Debug|x86.Build.0 = Debug|x86
		{00D6F09B-6DA4-4533-8748-7D9F76D0D3E9}.Release|Any CPU.ActiveCfg = Release|Any CPU
		{00D6F09B-6DA4-4533-8748-7D9F76D0D3E9}.Release|Any CPU.Build.0 = Release|Any CPU
		{00D6F09B-6DA4-4533-8748-7D9F76D0D3E9}.Release|ARM.ActiveCfg = Release|ARM
		{00D6F09B-6DA4-4533-8748-7D9F76D0D3E9}.Release|ARM.Build.0 = Release|ARM
		{00D6F09B-6DA4-4533-8748-7D9F76D0D3E9}.Release|x64.ActiveCfg = Release|x64
		{00D6F09B-6DA4-4533-8748-7D9F76D0D3E9}.Release|x64.Build.0 = Release|x64
		{00D6F09B-6DA4-4533-8748-7D9F76D0D3E9}.Release|x86.ActiveCfg = Release|x86
		{00D6F09B-6DA4-4533-8748-7D9F76D0D3E9}.Release|x86.Build.0 = Release|x86
		{239B599A-ED29-4BF3-BCB1-1406BF234A02}.Debug|Any CPU.ActiveCfg = Debug|x86
		{239B599A-ED29-4BF3-BCB1-1406BF234A02}.Debug|Any CPU.Build.0 = Debug|x86
		{239B599A-ED29-4BF3-BCB1-1406BF234A02}.Debug|Any CPU.Deploy.0 = Debug|x86
		{239B599A-ED29-4BF3-BCB1-1406BF234A02}.Debug|ARM.ActiveCfg = Debug|ARM
		{239B599A-ED29-4BF3-BCB1-1406BF234A02}.Debug|ARM.Build.0 = Debug|ARM
		{239B599A-ED29-4BF3-BCB1-1406BF234A02}.Debug|ARM.Deploy.0 = Debug|ARM
		{239B599A-ED29-4BF3-BCB1-1406BF234A02}.Debug|x64.ActiveCfg = Debug|x64
		{239B599A-ED29-4BF3-BCB1-1406BF234A02}.Debug|x64.Build.0 = Debug|x64
		{239B599A-ED29-4BF3-BCB1-1406BF234A02}.Debug|x64.Deploy.0 = Debug|x64
		{239B599A-ED29-4BF3-BCB1-1406BF234A02}.Debug|x86.ActiveCfg = Debug|x86
		{239B599A-ED29-4BF3-BCB1-1406BF234A02}.Debug|x86.Build.0 = Debug|x86
		{239B599A-ED29-4BF3-BCB1-1406BF234A02}.Debug|x86.Deploy.0 = Debug|x86
		{239B599A-ED29-4BF3-BCB1-1406BF234A02}.Release|Any CPU.ActiveCfg = Release|x86
		{239B599A-ED29-4BF3-BCB1-1406BF234A02}.Release|ARM.ActiveCfg = Release|ARM
		{239B599A-ED29-4BF3-BCB1-1406BF234A02}.Release|ARM.Build.0 = Release|ARM
		{239B599A-ED29-4BF3-BCB1-1406BF234A02}.Release|ARM.Deploy.0 = Release|ARM
		{239B599A-ED29-4BF3-BCB1-1406BF234A02}.Release|x64.ActiveCfg = Release|x64
		{239B599A-ED29-4BF3-BCB1-1406BF234A02}.Release|x64.Build.0 = Release|x64
		{239B599A-ED29-4BF3-BCB1-1406BF234A02}.Release|x64.Deploy.0 = Release|x64
		{239B599A-ED29-4BF3-BCB1-1406BF234A02}.Release|x86.ActiveCfg = Release|x86
		{239B599A-ED29-4BF3-BCB1-1406BF234A02}.Release|x86.Build.0 = Release|x86
		{239B599A-ED29-4BF3-BCB1-1406BF234A02}.Release|x86.Deploy.0 = Release|x86
	EndGlobalSection
	GlobalSection(SolutionProperties) = preSolution
		HideSolutionNode = FALSE
	EndGlobalSection
EndGlobal
