
Microsoft Visual Studio Solution File, Format Version 12.00
# Visual Studio 14
VisualStudioVersion = 14.0.23107.0
MinimumVisualStudioVersion = 10.0.40219.1
Project("{FAE04EC0-301F-11D3-BF4B-00C04F79EFBC}") = "imBMW.Devices.V2", "imBMW.Devices.V2.csproj", "{D12C2EC9-1FC7-4E16-A072-EA344F1BABE6}"
EndProject
Project("{FAE04EC0-301F-11D3-BF4B-00C04F79EFBC}") = "imBMW", "..\..\imBMW\imBMW.csproj", "{1809C7F6-0A9F-412B-A45E-E667996E86A3}"
EndProject
Project("{FAE04EC0-301F-11D3-BF4B-00C04F79EFBC}") = "imBMW.Features", "..\..\imBMW.Features\imBMW.Features.csproj", "{1CCF2AD5-0D37-435D-9DA5-27143B169DD0}"
EndProject
Project("{FAE04EC0-301F-11D3-BF4B-00C04F79EFBC}") = "imBMW.Tools", "..\..\imBMW.Tools\imBMW.Tools.csproj", "{76B622B3-B9D7-41DF-8A7C-627F32AABEB3}"
EndProject
Global
	GlobalSection(SolutionConfigurationPlatforms) = preSolution
		Debug|Any CPU = Debug|Any CPU
		Release|Any CPU = Release|Any CPU
	EndGlobalSection
	GlobalSection(ProjectConfigurationPlatforms) = postSolution
		{D12C2EC9-1FC7-4E16-A072-EA344F1BABE6}.Debug|Any CPU.ActiveCfg = Debug|Any CPU
		{D12C2EC9-1FC7-4E16-A072-EA344F1BABE6}.Debug|Any CPU.Build.0 = Debug|Any CPU
		{D12C2EC9-1FC7-4E16-A072-EA344F1BABE6}.Debug|Any CPU.Deploy.0 = Debug|Any CPU
		{D12C2EC9-1FC7-4E16-A072-EA344F1BABE6}.Release|Any CPU.ActiveCfg = Release|Any CPU
		{D12C2EC9-1FC7-4E16-A072-EA344F1BABE6}.Release|Any CPU.Build.0 = Release|Any CPU
		{D12C2EC9-1FC7-4E16-A072-EA344F1BABE6}.Release|Any CPU.Deploy.0 = Release|Any CPU
		{1809C7F6-0A9F-412B-A45E-E667996E86A3}.Debug|Any CPU.ActiveCfg = Debug|Any CPU
		{1809C7F6-0A9F-412B-A45E-E667996E86A3}.Debug|Any CPU.Build.0 = Debug|Any CPU
		{1809C7F6-0A9F-412B-A45E-E667996E86A3}.Release|Any CPU.ActiveCfg = Release|Any CPU
		{1809C7F6-0A9F-412B-A45E-E667996E86A3}.Release|Any CPU.Build.0 = Release|Any CPU
		{1CCF2AD5-0D37-435D-9DA5-27143B169DD0}.Debug|Any CPU.ActiveCfg = Debug|Any CPU
		{1CCF2AD5-0D37-435D-9DA5-27143B169DD0}.Debug|Any CPU.Build.0 = Debug|Any CPU
		{1CCF2AD5-0D37-435D-9DA5-27143B169DD0}.Release|Any CPU.ActiveCfg = Release|Any CPU
		{1CCF2AD5-0D37-435D-9DA5-27143B169DD0}.Release|Any CPU.Build.0 = Release|Any CPU
		{76B622B3-B9D7-41DF-8A7C-627F32AABEB3}.Debug|Any CPU.ActiveCfg = Debug|Any CPU
		{76B622B3-B9D7-41DF-8A7C-627F32AABEB3}.Debug|Any CPU.Build.0 = Debug|Any CPU
		{76B622B3-B9D7-41DF-8A7C-627F32AABEB3}.Release|Any CPU.ActiveCfg = Release|Any CPU
		{76B622B3-B9D7-41DF-8A7C-627F32AABEB3}.Release|Any CPU.Build.0 = Release|Any CPU
	EndGlobalSection
	GlobalSection(SolutionProperties) = preSolution
		HideSolutionNode = FALSE
	EndGlobalSection
EndGlobal
