
Microsoft Visual Studio Solution File, Format Version 11.00
# Visual Studio 2010
Project("{FAE04EC0-301F-11D3-BF4B-00C04F79EFBC}") = "imBMW", "imBMW.csproj", "{1809C7F6-0A9F-412B-A45E-E667996E86A3}"
EndProject
Global
	GlobalSection(SolutionConfigurationPlatforms) = preSolution
		Debug|Any CPU = Debug|Any CPU
		Release|Any CPU = Release|Any CPU
	EndGlobalSection
	GlobalSection(ProjectConfigurationPlatforms) = postSolution
		{1809C7F6-0A9F-412B-A45E-E667996E86A3}.Debug|Any CPU.ActiveCfg = Debug|Any CPU
		{1809C7F6-0A9F-412B-A45E-E667996E86A3}.Debug|Any CPU.Build.0 = Debug|Any CPU
		{1809C7F6-0A9F-412B-A45E-E667996E86A3}.Debug|Any CPU.Deploy.0 = Debug|Any CPU
		{1809C7F6-0A9F-412B-A45E-E667996E86A3}.Release|Any CPU.ActiveCfg = Release|Any CPU
		{1809C7F6-0A9F-412B-A45E-E667996E86A3}.Release|Any CPU.Build.0 = Release|Any CPU
		{1809C7F6-0A9F-412B-A45E-E667996E86A3}.Release|Any CPU.Deploy.0 = Release|Any CPU
	EndGlobalSection
	GlobalSection(SolutionProperties) = preSolution
		HideSolutionNode = FALSE
	EndGlobalSection
EndGlobal
